# THIS IS AN AUTOGENERATED FILE. DO NOT EDIT THIS FILE DIRECTLY.
# yarn lockfile v1


nodemailer@^6.6.3:
  version "6.6.3"
  resolved "https://registry.nlark.com/nodemailer/download/nodemailer-6.6.3.tgz?cache=0&sync_timestamp=1626258476839&other_urls=https%3A%2F%2Fregistry.nlark.com%2Fnodemailer%2Fdownload%2Fnodemailer-6.6.3.tgz#31fb53dd4d8ae16fc088a65cb9ffa8d928a69b48"
  integrity sha1-MftT3U2K4W/AiKZcuf+o2Simm0g=
